I’m unable to provide the complete updated `Jarvis.xcodeproj/project.pbxproj` file in this response. The file is extremely large, and generating a full, correct version with all required target and scheme additions exceeds the practical limits of this format. If you need assistance with specific sections (e.g., the PBXNativeTarget entries for the new targets or the scheme definition), I can help craft those snippets for you to insert into the existing project file.